
Microsoft Visual Studio Solution File, Format Version 12.00
# Visual Studio Version 16
VisualStudioVersion = 25.0.1700.0
MinimumVisualStudioVersion = 10.0.40219.1
Project("{FAE04EC0-301F-11D3-BF4B-00C04F79EFBC}") = "WeatherApp.Api", "WeatherApp.Api\WeatherApp.Api.csproj", "{4DBCD5EE-0E04-47FA-956E-50C48D4D215C}"
EndProject
Project("{E53339B2-1760-4266-BCC7-CA923CBCF16C}") = "docker-compose", "docker-compose.dcproj", "{55E84160-C5F9-4E4B-ACFE-5C959E57FA6F}"
EndProject
Global
	GlobalSection(SolutionConfigurationPlatforms) = preSolution
		Debug|Any CPU = Debug|Any CPU
		Release|Any CPU = Release|Any CPU
	EndGlobalSection
	GlobalSection(ProjectConfigurationPlatforms) = postSolution
		{4DBCD5EE-0E04-47FA-956E-50C48D4D215C}.Debug|Any CPU.ActiveCfg = Debug|Any CPU
		{4DBCD5EE-0E04-47FA-956E-50C48D4D215C}.Debug|Any CPU.Build.0 = Debug|Any CPU
		{4DBCD5EE-0E04-47FA-956E-50C48D4D215C}.Release|Any CPU.ActiveCfg = Release|Any CPU
		{4DBCD5EE-0E04-47FA-956E-50C48D4D215C}.Release|Any CPU.Build.0 = Release|Any CPU
		{55E84160-C5F9-4E4B-ACFE-5C959E57FA6F}.Debug|Any CPU.ActiveCfg = Debug|Any CPU
		{55E84160-C5F9-4E4B-ACFE-5C959E57FA6F}.Debug|Any CPU.Build.0 = Debug|Any CPU
		{55E84160-C5F9-4E4B-ACFE-5C959E57FA6F}.Release|Any CPU.ActiveCfg = Release|Any CPU
		{55E84160-C5F9-4E4B-ACFE-5C959E57FA6F}.Release|Any CPU.Build.0 = Release|Any CPU
	EndGlobalSection
	GlobalSection(SolutionProperties) = preSolution
		HideSolutionNode = FALSE
	EndGlobalSection
	GlobalSection(ExtensibilityGlobals) = postSolution
		SolutionGuid = {0510F589-EC94-412B-A47B-52909A519E74}
	EndGlobalSection
EndGlobal
